// !$*UTF8*$!
{
	archiveVersion = 1;
	classes = {
	};
	objectVersion = 46;
	objects = {

/* Begin PBXBuildFile section */
		88B17B76BFEEAC4F0C1155A7 /* libPods-HotSpots.a in Frameworks */ = {isa = PBXBuildFile; fileRef = AA176D6D78F6F1129A91970D /* libPods-HotSpots.a */; };
		C568F1911A7DC04E004ABF41 /* Foundation.framework in Frameworks */ = {isa = PBXBuildFile; fileRef = C568F1901A7DC04E004ABF41 /* Foundation.framework */; };
		C568F1931A7DC04E004ABF41 /* CoreGraphics.framework in Frameworks */ = {isa = PBXBuildFile; fileRef = C568F1921A7DC04E004ABF41 /* CoreGraphics.framework */; };
		C568F1951A7DC04E004ABF41 /* UIKit.framework in Frameworks */ = {isa = PBXBuildFile; fileRef = C568F1941A7DC04E004ABF41 /* UIKit.framework */; };
		C568F19B1A7DC04E004ABF41 /* InfoPlist.strings in Resources */ = {isa = PBXBuildFile; fileRef = C568F1991A7DC04E004ABF41 /* InfoPlist.strings */; };
		C568F19D1A7DC04E004ABF41 /* main.m in Sources */ = {isa = PBXBuildFile; fileRef = C568F19C1A7DC04E004ABF41 /* main.m */; };
		C568F1A11A7DC04E004ABF41 /* AppDelegate.m in Sources */ = {isa = PBXBuildFile; fileRef = C568F1A01A7DC04E004ABF41 /* AppDelegate.m */; };
		C568F1A31A7DC04E004ABF41 /* Images.xcassets in Resources */ = {isa = PBXBuildFile; fileRef = C568F1A21A7DC04E004ABF41 /* Images.xcassets */; };
		C568F1AA1A7DC04E004ABF41 /* XCTest.framework in Frameworks */ = {isa = PBXBuildFile; fileRef = C568F1A91A7DC04E004ABF41 /* XCTest.framework */; };
		C568F1AB1A7DC04E004ABF41 /* Foundation.framework in Frameworks */ = {isa = PBXBuildFile; fileRef = C568F1901A7DC04E004ABF41 /* Foundation.framework */; };
		C568F1AC1A7DC04E004ABF41 /* UIKit.framework in Frameworks */ = {isa = PBXBuildFile; fileRef = C568F1941A7DC04E004ABF41 /* UIKit.framework */; };
		C568F1B41A7DC04E004ABF41 /* InfoPlist.strings in Resources */ = {isa = PBXBuildFile; fileRef = C568F1B21A7DC04E004ABF41 /* InfoPlist.strings */; };
		C568F1B61A7DC04E004ABF41 /* HotSpotsTests.m in Sources */ = {isa = PBXBuildFile; fileRef = C568F1B51A7DC04E004ABF41 /* HotSpotsTests.m */; };
		C568F1C11A7DC0D5004ABF41 /* HotSpotsViewController.m in Sources */ = {isa = PBXBuildFile; fileRef = C568F1C01A7DC0D5004ABF41 /* HotSpotsViewController.m */; };
		C568F1C41A7DC3FF004ABF41 /* HSLocationsAPIClient.m in Sources */ = {isa = PBXBuildFile; fileRef = C568F1C31A7DC3FF004ABF41 /* HSLocationsAPIClient.m */; };
		C5B7993D1A7EDC0E00B84EDA /* HSLocationsService.m in Sources */ = {isa = PBXBuildFile; fileRef = C5B7993C1A7EDC0E00B84EDA /* HSLocationsService.m */; };
		C5B799401A7EDCAB00B84EDA /* HSLocation.m in Sources */ = {isa = PBXBuildFile; fileRef = C5B7993F1A7EDCAB00B84EDA /* HSLocation.m */; };
		C5B799431A7F0A8F00B84EDA /* HotSpotCell.m in Sources */ = {isa = PBXBuildFile; fileRef = C5B799421A7F0A8F00B84EDA /* HotSpotCell.m */; };
/* End PBXBuildFile section */

/* Begin PBXContainerItemProxy section */
		C568F1AD1A7DC04E004ABF41 /* PBXContainerItemProxy */ = {
			isa = PBXContainerItemProxy;
			containerPortal = C568F1851A7DC04E004ABF41 /* Project object */;
			proxyType = 1;
			remoteGlobalIDString = C568F18C1A7DC04E004ABF41;
			remoteInfo = HotSpots;
		};
/* End PBXContainerItemProxy section */

/* Begin PBXFileReference section */
		043D16B60421F121F526BD1A /* Pods-HotSpots.debug.xcconfig */ = {isa = PBXFileReference; includeInIndex = 1; lastKnownFileType = text.xcconfig; name = "Pods-HotSpots.debug.xcconfig"; path = "Pods/Target Support Files/Pods-HotSpots/Pods-HotSpots.debug.xcconfig"; sourceTree = "<group>"; };
		8084A47BA323409C0BF08650 /* Pods-HotSpots.release.xcconfig */ = {isa = PBXFileReference; includeInIndex = 1; lastKnownFileType = text.xcconfig; name = "Pods-HotSpots.release.xcconfig"; path = "Pods/Target Support Files/Pods-HotSpots/Pods-HotSpots.release.xcconfig"; sourceTree = "<group>"; };
		AA176D6D78F6F1129A91970D /* libPods-HotSpots.a */ = {isa = PBXFileReference; explicitFileType = archive.ar; includeInIndex = 0; path = "libPods-HotSpots.a"; sourceTree = BUILT_PRODUCTS_DIR; };
		C568F18D1A7DC04E004ABF41 /* HotSpots.app */ = {isa = PBXFileReference; explicitFileType = wrapper.application; includeInIndex = 0; path = HotSpots.app; sourceTree = BUILT_PRODUCTS_DIR; };
		C568F1901A7DC04E004ABF41 /* Foundation.framework */ = {isa = PBXFileReference; lastKnownFileType = wrapper.framework; name = Foundation.framework; path = System/Library/Frameworks/Foundation.framework; sourceTree = SDKROOT; };
		C568F1921A7DC04E004ABF41 /* CoreGraphics.framework */ = {isa = PBXFileReference; lastKnownFileType = wrapper.framework; name = CoreGraphics.framework; path = System/Library/Frameworks/CoreGraphics.framework; sourceTree = SDKROOT; };
		C568F1941A7DC04E004ABF41 /* UIKit.framework */ = {isa = PBXFileReference; lastKnownFileType = wrapper.framework; name = UIKit.framework; path = System/Library/Frameworks/UIKit.framework; sourceTree = SDKROOT; };
		C568F1981A7DC04E004ABF41 /* HotSpots-Info.plist */ = {isa = PBXFileReference; lastKnownFileType = text.plist.xml; path = "HotSpots-Info.plist"; sourceTree = "<group>"; };
		C568F19A1A7DC04E004ABF41 /* en */ = {isa = PBXFileReference; lastKnownFileType = text.plist.strings; name = en; path = en.lproj/InfoPlist.strings; sourceTree = "<group>"; };
		C568F19C1A7DC04E004ABF41 /* main.m */ = {isa = PBXFileReference; lastKnownFileType = sourcecode.c.objc; path = main.m; sourceTree = "<group>"; };
		C568F19E1A7DC04E004ABF41 /* HotSpots-Prefix.pch */ = {isa = PBXFileReference; lastKnownFileType = sourcecode.c.h; path = "HotSpots-Prefix.pch"; sourceTree = "<group>"; };
		C568F19F1A7DC04E004ABF41 /* AppDelegate.h */ = {isa = PBXFileReference; lastKnownFileType = sourcecode.c.h; path = AppDelegate.h; sourceTree = "<group>"; };
		C568F1A01A7DC04E004ABF41 /* AppDelegate.m */ = {isa = PBXFileReference; lastKnownFileType = sourcecode.c.objc; path = AppDelegate.m; sourceTree = "<group>"; };
		C568F1A21A7DC04E004ABF41 /* Images.xcassets */ = {isa = PBXFileReference; lastKnownFileType = folder.assetcatalog; path = Images.xcassets; sourceTree = "<group>"; };
		C568F1A81A7DC04E004ABF41 /* HotSpotsTests.xctest */ = {isa = PBXFileReference; explicitFileType = wrapper.cfbundle; includeInIndex = 0; path = HotSpotsTests.xctest; sourceTree = BUILT_PRODUCTS_DIR; };
		C568F1A91A7DC04E004ABF41 /* XCTest.framework */ = {isa = PBXFileReference; lastKnownFileType = wrapper.framework; name = XCTest.framework; path = Library/Frameworks/XCTest.framework; sourceTree = DEVELOPER_DIR; };
		C568F1B11A7DC04E004ABF41 /* HotSpotsTests-Info.plist */ = {isa = PBXFileReference; lastKnownFileType = text.plist.xml; path = "HotSpotsTests-Info.plist"; sourceTree = "<group>"; };
		C568F1B31A7DC04E004ABF41 /* en */ = {isa = PBXFileReference; lastKnownFileType = text.plist.strings; name = en; path = en.lproj/InfoPlist.strings; sourceTree = "<group>"; };
		C568F1B51A7DC04E004ABF41 /* HotSpotsTests.m */ = {isa = PBXFileReference; lastKnownFileType = sourcecode.c.objc; path = HotSpotsTests.m; sourceTree = "<group>"; };
		C568F1BF1A7DC0D5004ABF41 /* HotSpotsViewController.h */ = {isa = PBXFileReference; fileEncoding = 4; lastKnownFileType = sourcecode.c.h; path = HotSpotsViewController.h; sourceTree = "<group>"; };
		C568F1C01A7DC0D5004ABF41 /* HotSpotsViewController.m */ = {isa = PBXFileReference; fileEncoding = 4; lastKnownFileType = sourcecode.c.objc; path = HotSpotsViewController.m; sourceTree = "<group>"; };
		C568F1C21A7DC3FF004ABF41 /* HSLocationsAPIClient.h */ = {isa = PBXFileReference; fileEncoding = 4; lastKnownFileType = sourcecode.c.h; path = HSLocationsAPIClient.h; sourceTree = "<group>"; };
		C568F1C31A7DC3FF004ABF41 /* HSLocationsAPIClient.m */ = {isa = PBXFileReference; fileEncoding = 4; lastKnownFileType = sourcecode.c.objc; path = HSLocationsAPIClient.m; sourceTree = "<group>"; };
		C5B7993B1A7EDC0E00B84EDA /* HSLocationsService.h */ = {isa = PBXFileReference; fileEncoding = 4; lastKnownFileType = sourcecode.c.h; path = HSLocationsService.h; sourceTree = "<group>"; };
		C5B7993C1A7EDC0E00B84EDA /* HSLocationsService.m */ = {isa = PBXFileReference; fileEncoding = 4; lastKnownFileType = sourcecode.c.objc; path = HSLocationsService.m; sourceTree = "<group>"; };
		C5B7993E1A7EDCAB00B84EDA /* HSLocation.h */ = {isa = PBXFileReference; fileEncoding = 4; lastKnownFileType = sourcecode.c.h; path = HSLocation.h; sourceTree = "<group>"; };
		C5B7993F1A7EDCAB00B84EDA /* HSLocation.m */ = {isa = PBXFileReference; fileEncoding = 4; lastKnownFileType = sourcecode.c.objc; path = HSLocation.m; sourceTree = "<group>"; };
		C5B799411A7F0A8F00B84EDA /* HotSpotCell.h */ = {isa = PBXFileReference; fileEncoding = 4; lastKnownFileType = sourcecode.c.h; path = HotSpotCell.h; sourceTree = "<group>"; };
		C5B799421A7F0A8F00B84EDA /* HotSpotCell.m */ = {isa = PBXFileReference; fileEncoding = 4; lastKnownFileType = sourcecode.c.objc; path = HotSpotCell.m; sourceTree = "<group>"; };
/* End PBXFileReference section */

/* Begin PBXFrameworksBuildPhase section */
		C568F18A1A7DC04E004ABF41 /* Frameworks */ = {
			isa = PBXFrameworksBuildPhase;
			buildActionMask = 2147483647;
			files = (
				C568F1931A7DC04E004ABF41 /* CoreGraphics.framework in Frameworks */,
				C568F1951A7DC04E004ABF41 /* UIKit.framework in Frameworks */,
				C568F1911A7DC04E004ABF41 /* Foundation.framework in Frameworks */,
				88B17B76BFEEAC4F0C1155A7 /* libPods-HotSpots.a in Frameworks */,
			);
			runOnlyForDeploymentPostprocessing = 0;
		};
		C568F1A51A7DC04E004ABF41 /* Frameworks */ = {
			isa = PBXFrameworksBuildPhase;
			buildActionMask = 2147483647;
			files = (
				C568F1AA1A7DC04E004ABF41 /* XCTest.framework in Frameworks */,
				C568F1AC1A7DC04E004ABF41 /* UIKit.framework in Frameworks */,
				C568F1AB1A7DC04E004ABF41 /* Foundation.framework in Frameworks */,
			);
			runOnlyForDeploymentPostprocessing = 0;
		};
/* End PBXFrameworksBuildPhase section */

/* Begin PBXGroup section */
		50FB3192F466B501A5DD745B /* Pods */ = {
			isa = PBXGroup;
			children = (
				043D16B60421F121F526BD1A /* Pods-HotSpots.debug.xcconfig */,
				8084A47BA323409C0BF08650 /* Pods-HotSpots.release.xcconfig */,
			);
			name = Pods;
			sourceTree = "<group>";
		};
		C568F1841A7DC04E004ABF41 = {
			isa = PBXGroup;
			children = (
				C568F1961A7DC04E004ABF41 /* HotSpots */,
				C568F1AF1A7DC04E004ABF41 /* HotSpotsTests */,
				C568F18F1A7DC04E004ABF41 /* Frameworks */,
				C568F18E1A7DC04E004ABF41 /* Products */,
				50FB3192F466B501A5DD745B /* Pods */,
			);
			sourceTree = "<group>";
		};
		C568F18E1A7DC04E004ABF41 /* Products */ = {
			isa = PBXGroup;
			children = (
				C568F18D1A7DC04E004ABF41 /* HotSpots.app */,
				C568F1A81A7DC04E004ABF41 /* HotSpotsTests.xctest */,
			);
			name = Products;
			sourceTree = "<group>";
		};
		C568F18F1A7DC04E004ABF41 /* Frameworks */ = {
			isa = PBXGroup;
			children = (
				C568F1901A7DC04E004ABF41 /* Foundation.framework */,
				C568F1921A7DC04E004ABF41 /* CoreGraphics.framework */,
				C568F1941A7DC04E004ABF41 /* UIKit.framework */,
				C568F1A91A7DC04E004ABF41 /* XCTest.framework */,
				AA176D6D78F6F1129A91970D /* libPods-HotSpots.a */,
			);
			name = Frameworks;
			sourceTree = "<group>";
		};
		C568F1961A7DC04E004ABF41 /* HotSpots */ = {
			isa = PBXGroup;
			children = (
				C568F19F1A7DC04E004ABF41 /* AppDelegate.h */,
				C568F1A01A7DC04E004ABF41 /* AppDelegate.m */,
				C568F1BF1A7DC0D5004ABF41 /* HotSpotsViewController.h */,
				C568F1C01A7DC0D5004ABF41 /* HotSpotsViewController.m */,
				C5B799411A7F0A8F00B84EDA /* HotSpotCell.h */,
				C5B799421A7F0A8F00B84EDA /* HotSpotCell.m */,
				C568F1C21A7DC3FF004ABF41 /* HSLocationsAPIClient.h */,
				C568F1C31A7DC3FF004ABF41 /* HSLocationsAPIClient.m */,
				C5B7993B1A7EDC0E00B84EDA /* HSLocationsService.h */,
				C5B7993C1A7EDC0E00B84EDA /* HSLocationsService.m */,
				C5B7993E1A7EDCAB00B84EDA /* HSLocation.h */,
				C5B7993F1A7EDCAB00B84EDA /* HSLocation.m */,
				C568F1A21A7DC04E004ABF41 /* Images.xcassets */,
				C568F1971A7DC04E004ABF41 /* Supporting Files */,
			);
			path = HotSpots;
			sourceTree = "<group>";
		};
		C568F1971A7DC04E004ABF41 /* Supporting Files */ = {
			isa = PBXGroup;
			children = (
				C568F1981A7DC04E004ABF41 /* HotSpots-Info.plist */,
				C568F1991A7DC04E004ABF41 /* InfoPlist.strings */,
				C568F19C1A7DC04E004ABF41 /* main.m */,
				C568F19E1A7DC04E004ABF41 /* HotSpots-Prefix.pch */,
			);
			name = "Supporting Files";
			sourceTree = "<group>";
		};
		C568F1AF1A7DC04E004ABF41 /* HotSpotsTests */ = {
			isa = PBXGroup;
			children = (
				C568F1B51A7DC04E004ABF41 /* HotSpotsTests.m */,
				C568F1B01A7DC04E004ABF41 /* Supporting Files */,
			);
			path = HotSpotsTests;
			sourceTree = "<group>";
		};
		C568F1B01A7DC04E004ABF41 /* Supporting Files */ = {
			isa = PBXGroup;
			children = (
				C568F1B11A7DC04E004ABF41 /* HotSpotsTests-Info.plist */,
				C568F1B21A7DC04E004ABF41 /* InfoPlist.strings */,
			);
			name = "Supporting Files";
			sourceTree = "<group>";
		};
/* End PBXGroup section */

/* Begin PBXNativeTarget section */
		C568F18C1A7DC04E004ABF41 /* HotSpots */ = {
			isa = PBXNativeTarget;
			buildConfigurationList = C568F1B91A7DC04E004ABF41 /* Build configuration list for PBXNativeTarget "HotSpots" */;
			buildPhases = (
				C94A38FF85A7B8CEC1181BF1 /* Check Pods Manifest.lock */,
				C568F1891A7DC04E004ABF41 /* Sources */,
				C568F18A1A7DC04E004ABF41 /* Frameworks */,
				C568F18B1A7DC04E004ABF41 /* Resources */,
				BA9D19DDD6FA4984286D6FCB /* Copy Pods Resources */,
			);
			buildRules = (
			);
			dependencies = (
			);
			name = HotSpots;
			productName = HotSpots;
			productReference = C568F18D1A7DC04E004ABF41 /* HotSpots.app */;
			productType = "com.apple.product-type.application";
		};
		C568F1A71A7DC04E004ABF41 /* HotSpotsTests */ = {
			isa = PBXNativeTarget;
			buildConfigurationList = C568F1BC1A7DC04E004ABF41 /* Build configuration list for PBXNativeTarget "HotSpotsTests" */;
			buildPhases = (
				C568F1A41A7DC04E004ABF41 /* Sources */,
				C568F1A51A7DC04E004ABF41 /* Frameworks */,
				C568F1A61A7DC04E004ABF41 /* Resources */,
			);
			buildRules = (
			);
			dependencies = (
				C568F1AE1A7DC04E004ABF41 /* PBXTargetDependency */,
			);
			name = HotSpotsTests;
			productName = HotSpotsTests;
			productReference = C568F1A81A7DC04E004ABF41 /* HotSpotsTests.xctest */;
			productType = "com.apple.product-type.bundle.unit-test";
		};
/* End PBXNativeTarget section */

/* Begin PBXProject section */
		C568F1851A7DC04E004ABF41 /* Project object */ = {
			isa = PBXProject;
			attributes = {
				LastUpgradeCheck = 0500;
				ORGANIZATIONNAME = JM;
				TargetAttributes = {
					C568F1A71A7DC04E004ABF41 = {
						TestTargetID = C568F18C1A7DC04E004ABF41;
					};
				};
			};
			buildConfigurationList = C568F1881A7DC04E004ABF41 /* Build configuration list for PBXProject "HotSpots" */;
			compatibilityVersion = "Xcode 3.2";
			developmentRegion = English;
			hasScannedForEncodings = 0;
			knownRegions = (
				en,
			);
			mainGroup = C568F1841A7DC04E004ABF41;
			productRefGroup = C568F18E1A7DC04E004ABF41 /* Products */;
			projectDirPath = "";
			projectRoot = "";
			targets = (
				C568F18C1A7DC04E004ABF41 /* HotSpots */,
				C568F1A71A7DC04E004ABF41 /* HotSpotsTests */,
			);
		};
/* End PBXProject section */

/* Begin PBXResourcesBuildPhase section */
		C568F18B1A7DC04E004ABF41 /* Resources */ = {
			isa = PBXResourcesBuildPhase;
			buildActionMask = 2147483647;
			files = (
				C568F19B1A7DC04E004ABF41 /* InfoPlist.strings in Resources */,
				C568F1A31A7DC04E004ABF41 /* Images.xcassets in Resources */,
			);
			runOnlyForDeploymentPostprocessing = 0;
		};
		C568F1A61A7DC04E004ABF41 /* Resources */ = {
			isa = PBXResourcesBuildPhase;
			buildActionMask = 2147483647;
			files = (
				C568F1B41A7DC04E004ABF41 /* InfoPlist.strings in Resources */,
			);
			runOnlyForDeploymentPostprocessing = 0;
		};
/* End PBXResourcesBuildPhase section */

/* Begin PBXShellScriptBuildPhase section */
		BA9D19DDD6FA4984286D6FCB /* Copy Pods Resources */ = {
			isa = PBXShellScriptBuildPhase;
			buildActionMask = 2147483647;
			files = (
			);
			inputPaths = (
			);
			name = "Copy Pods Resources";
			outputPaths = (
			);
			runOnlyForDeploymentPostprocessing = 0;
			shellPath = /bin/sh;
			shellScript = "\"${SRCROOT}/Pods/Target Support Files/Pods-HotSpots/Pods-HotSpots-resources.sh\"\n";
			showEnvVarsInLog = 0;
		};
		C94A38FF85A7B8CEC1181BF1 /* Check Pods Manifest.lock */ = {
			isa = PBXShellScriptBuildPhase;
			buildActionMask = 2147483647;
			files = (
			);
			inputPaths = (
			);
			name = "Check Pods Manifest.lock";
			outputPaths = (
			);
			runOnlyForDeploymentPostprocessing = 0;
			shellPath = /bin/sh;
			shellScript = "diff \"${PODS_ROOT}/../Podfile.lock\" \"${PODS_ROOT}/Manifest.lock\" > /dev/null\nif [[ $? != 0 ]] ; then\n    cat << EOM\nerror: The sandbox is not in sync with the Podfile.lock. Run 'pod install' or update your CocoaPods installation.\nEOM\n    exit 1\nfi\n";
			showEnvVarsInLog = 0;
		};
/* End PBXShellScriptBuildPhase section */

/* Begin PBXSourcesBuildPhase section */
		C568F1891A7DC04E004ABF41 /* Sources */ = {
			isa = PBXSourcesBuildPhase;
			buildActionMask = 2147483647;
			files = (
				C5B7993D1A7EDC0E00B84EDA /* HSLocationsService.m in Sources */,
				C5B799431A7F0A8F00B84EDA /* HotSpotCell.m in Sources */,
				C568F1A11A7DC04E004ABF41 /* AppDelegate.m in Sources */,
				C568F1C41A7DC3FF004ABF41 /* HSLocationsAPIClient.m in Sources */,
				C568F19D1A7DC04E004ABF41 /* main.m in Sources */,
				C568F1C11A7DC0D5004ABF41 /* HotSpotsViewController.m in Sources */,
				C5B799401A7EDCAB00B84EDA /* HSLocation.m in Sources */,
			);
			runOnlyForDeploymentPostprocessing = 0;
		};
		C568F1A41A7DC04E004ABF41 /* Sources */ = {
			isa = PBXSourcesBuildPhase;
			buildActionMask = 2147483647;
			files = (
				C568F1B61A7DC04E004ABF41 /* HotSpotsTests.m in Sources */,
			);
			runOnlyForDeploymentPostprocessing = 0;
		};
/* End PBXSourcesBuildPhase section */

/* Begin PBXTargetDependency section */
		C568F1AE1A7DC04E004ABF41 /* PBXTargetDependency */ = {
			isa = PBXTargetDependency;
			target = C568F18C1A7DC04E004ABF41 /* HotSpots */;
			targetProxy = C568F1AD1A7DC04E004ABF41 /* PBXContainerItemProxy */;
		};
/* End PBXTargetDependency section */

/* Begin PBXVariantGroup section */
		C568F1991A7DC04E004ABF41 /* InfoPlist.strings */ = {
			isa = PBXVariantGroup;
			children = (
				C568F19A1A7DC04E004ABF41 /* en */,
			);
			name = InfoPlist.strings;
			sourceTree = "<group>";
		};
		C568F1B21A7DC04E004ABF41 /* InfoPlist.strings */ = {
			isa = PBXVariantGroup;
			children = (
				C568F1B31A7DC04E004ABF41 /* en */,
			);
			name = InfoPlist.strings;
			sourceTree = "<group>";
		};
/* End PBXVariantGroup section */

/* Begin XCBuildConfiguration section */
		C568F1B71A7DC04E004ABF41 /* Debug */ = {
			isa = XCBuildConfiguration;
			buildSettings = {
				ALWAYS_SEARCH_USER_PATHS = NO;
				ARCHS = "$(ARCHS_STANDARD_INCLUDING_64_BIT)";
				CLANG_CXX_LANGUAGE_STANDARD = "gnu++0x";
				CLANG_CXX_LIBRARY = "libc++";
				CLANG_ENABLE_MODULES = YES;
				CLANG_ENABLE_OBJC_ARC = YES;
				CLANG_WARN_BOOL_CONVERSION = YES;
				CLANG_WARN_CONSTANT_CONVERSION = YES;
				CLANG_WARN_DIRECT_OBJC_ISA_USAGE = YES_ERROR;
				CLANG_WARN_EMPTY_BODY = YES;
				CLANG_WARN_ENUM_CONVERSION = YES;
				CLANG_WARN_INT_CONVERSION = YES;
				CLANG_WARN_OBJC_ROOT_CLASS = YES_ERROR;
				CLANG_WARN__DUPLICATE_METHOD_MATCH = YES;
				"CODE_SIGN_IDENTITY[sdk=iphoneos*]" = "iPhone Developer";
				COPY_PHASE_STRIP = NO;
				GCC_C_LANGUAGE_STANDARD = gnu99;
				GCC_DYNAMIC_NO_PIC = NO;
				GCC_OPTIMIZATION_LEVEL = 0;
				GCC_PREPROCESSOR_DEFINITIONS = (
					"DEBUG=1",
					"$(inherited)",
				);
				GCC_SYMBOLS_PRIVATE_EXTERN = NO;
				GCC_WARN_64_TO_32_BIT_CONVERSION = YES;
				GCC_WARN_ABOUT_RETURN_TYPE = YES_ERROR;
				GCC_WARN_UNDECLARED_SELECTOR = YES;
				GCC_WARN_UNINITIALIZED_AUTOS = YES;
				GCC_WARN_UNUSED_FUNCTION = YES;
				GCC_WARN_UNUSED_VARIABLE = YES;
				IPHONEOS_DEPLOYMENT_TARGET = 7.0;
				ONLY_ACTIVE_ARCH = YES;
				SDKROOT = iphoneos;
			};
			name = Debug;
		};
		C568F1B81A7DC04E004ABF41 /* Release */ = {
			isa = XCBuildConfiguration;
			buildSettings = {
				ALWAYS_SEARCH_USER_PATHS = NO;
				ARCHS = "$(ARCHS_STANDARD_INCLUDING_64_BIT)";
				CLANG_CXX_LANGUAGE_STANDARD = "gnu++0x";
				CLANG_CXX_LIBRARY = "libc++";
				CLANG_ENABLE_MODULES = YES;
				CLANG_ENABLE_OBJC_ARC = YES;
				CLANG_WARN_BOOL_CONVERSION = YES;
				CLANG_WARN_CONSTANT_CONVERSION = YES;
				CLANG_WARN_DIRECT_OBJC_ISA_USAGE = YES_ERROR;
				CLANG_WARN_EMPTY_BODY = YES;
				CLANG_WARN_ENUM_CONVERSION = YES;
				CLANG_WARN_INT_CONVERSION = YES;
				CLANG_WARN_OBJC_ROOT_CLASS = YES_ERROR;
				CLANG_WARN__DUPLICATE_METHOD_MATCH = YES;
				"CODE_SIGN_IDENTITY[sdk=iphoneos*]" = "iPhone Developer";
				COPY_PHASE_STRIP = YES;
				ENABLE_NS_ASSERTIONS = NO;
				GCC_C_LANGUAGE_STANDARD = gnu99;
				GCC_WARN_64_TO_32_BIT_CONVERSION = YES;
				GCC_WARN_ABOUT_RETURN_TYPE = YES_ERROR;
				GCC_WARN_UNDECLARED_SELECTOR = YES;
				GCC_WARN_UNINITIALIZED_AUTOS = YES;
				GCC_WARN_UNUSED_FUNCTION = YES;
				GCC_WARN_UNUSED_VARIABLE = YES;
				IPHONEOS_DEPLOYMENT_TARGET = 7.0;
				SDKROOT = iphoneos;
				VALIDATE_PRODUCT = YES;
			};
			name = Release;
		};
		C568F1BA1A7DC04E004ABF41 /* Debug */ = {
			isa = XCBuildConfiguration;
			baseConfigurationReference = 043D16B60421F121F526BD1A /* Pods-HotSpots.debug.xcconfig */;
			buildSettings = {
				ASSETCATALOG_COMPILER_APPICON_NAME = AppIcon;
				ASSETCATALOG_COMPILER_LAUNCHIMAGE_NAME = LaunchImage;
				GCC_PRECOMPILE_PREFIX_HEADER = YES;
				GCC_PREFIX_HEADER = "HotSpots/HotSpots-Prefix.pch";
				INFOPLIST_FILE = "HotSpots/HotSpots-Info.plist";
				PRODUCT_NAME = "$(TARGET_NAME)";
				WRAPPER_EXTENSION = app;
			};
			name = Debug;
		};
		C568F1BB1A7DC04E004ABF41 /* Release */ = {
			isa = XCBuildConfiguration;
			baseConfigurationReference = 8084A47BA323409C0BF08650 /* Pods-HotSpots.release.xcconfig */;
			buildSettings = {
				ASSETCATALOG_COMPILER_APPICON_NAME = AppIcon;
				ASSETCATALOG_COMPILER_LAUNCHIMAGE_NAME = LaunchImage;
				GCC_PRECOMPILE_PREFIX_HEADER = YES;
				GCC_PREFIX_HEADER = "HotSpots/HotSpots-Prefix.pch";
				INFOPLIST_FILE = "HotSpots/HotSpots-Info.plist";
				PRODUCT_NAME = "$(TARGET_NAME)";
				WRAPPER_EXTENSION = app;
			};
			name = Release;
		};
		C568F1BD1A7DC04E004ABF41 /* Debug */ = {
			isa = XCBuildConfiguration;
			buildSettings = {
				ARCHS = "$(ARCHS_STANDARD_INCLUDING_64_BIT)";
				BUNDLE_LOADER = "$(BUILT_PRODUCTS_DIR)/HotSpots.app/HotSpots";
				FRAMEWORK_SEARCH_PATHS = (
					"$(SDKROOT)/Developer/Library/Frameworks",
					"$(inherited)",
					"$(DEVELOPER_FRAMEWORKS_DIR)",
				);
				GCC_PRECOMPILE_PREFIX_HEADER = YES;
				GCC_PREFIX_HEADER = "HotSpots/HotSpots-Prefix.pch";
				GCC_PREPROCESSOR_DEFINITIONS = (
					"DEBUG=1",
					"$(inherited)",
				);
				INFOPLIST_FILE = "HotSpotsTests/HotSpotsTests-Info.plist";
				PRODUCT_NAME = "$(TARGET_NAME)";
				TEST_HOST = "$(BUNDLE_LOADER)";
				WRAPPER_EXTENSION = xctest;
			};
			name = Debug;
		};
		C568F1BE1A7DC04E004ABF41 /* Release */ = {
			isa = XCBuildConfiguration;
			buildSettings = {
				ARCHS = "$(ARCHS_STANDARD_INCLUDING_64_BIT)";
				BUNDLE_LOADER = "$(BUILT_PRODUCTS_DIR)/HotSpots.app/HotSpots";
				FRAMEWORK_SEARCH_PATHS = (
					"$(SDKROOT)/Developer/Library/Frameworks",
					"$(inherited)",
					"$(DEVELOPER_FRAMEWORKS_DIR)",
				);
				GCC_PRECOMPILE_PREFIX_HEADER = YES;
				GCC_PREFIX_HEADER = "HotSpots/HotSpots-Prefix.pch";
				INFOPLIST_FILE = "HotSpotsTests/HotSpotsTests-Info.plist";
				PRODUCT_NAME = "$(TARGET_NAME)";
				TEST_HOST = "$(BUNDLE_LOADER)";
				WRAPPER_EXTENSION = xctest;
			};
			name = Release;
		};
/* End XCBuildConfiguration section */

/* Begin XCConfigurationList section */
		C568F1881A7DC04E004ABF41 /* Build configuration list for PBXProject "HotSpots" */ = {
			isa = XCConfigurationList;
			buildConfigurations = (
				C568F1B71A7DC04E004ABF41 /* Debug */,
				C568F1B81A7DC04E004ABF41 /* Release */,
			);
			defaultConfigurationIsVisible = 0;
			defaultConfigurationName = Release;
		};
		C568F1B91A7DC04E004ABF41 /* Build configuration list for PBXNativeTarget "HotSpots" */ = {
			isa = XCConfigurationList;
			buildConfigurations = (
				C568F1BA1A7DC04E004ABF41 /* Debug */,
				C568F1BB1A7DC04E004ABF41 /* Release */,
			);
			defaultConfigurationIsVisible = 0;
			defaultConfigurationName = Release;
		};
		C568F1BC1A7DC04E004ABF41 /* Build configuration list for PBXNativeTarget "HotSpotsTests" */ = {
			isa = XCConfigurationList;
			buildConfigurations = (
				C568F1BD1A7DC04E004ABF41 /* Debug */,
				C568F1BE1A7DC04E004ABF41 /* Release */,
			);
			defaultConfigurationIsVisible = 0;
			defaultConfigurationName = Release;
		};
/* End XCConfigurationList section */
	};
	rootObject = C568F1851A7DC04E004ABF41 /* Project object */;
}
